# plugins.lock — every artifact baked into the image and its content hash.
#
# This file is the human-readable mirror of the ARG values in Dockerfile. CI
# verifies these hashes at build time; mismatch = build fails. Update both this
# file and the matching ARG default in Dockerfile when bumping a pin.
#
# Format: YAML. Field meanings:
#   sha256 — SHA-256 of the file as fetched.
#   source — exact commit-pinned URL the build will fetch.

base_images:
  fetcher:
    image: docker.io/library/debian
    tag: 12-slim
    digest: sha256:67b30a61dc87758f0caf819646104f29ecbda97d920aaf5edc834128ac8493d3
  plugin_builder:
    image: mcr.microsoft.com/dotnet/sdk
    tag: "9.0"
    notes: |
      .NET 9 SDK image used to build the baked plugins from
      UnrealMultiple/TShockPlugin source. Matches upstream CI's setup-dotnet
      pin (dotnet-version: 9.x). Not digest-pinned because Microsoft retags
      this image regularly with CVE fixes and we want each rebuild to get
      the latest patched SDK; the produced plugin DLLs are themselves
      hash-recorded below.
  runtime:
    image: mcr.microsoft.com/dotnet/runtime
    tag: "10.0-resolute"
    digest: sha256:20b918a3f49c838e57179475a16df93353c2f282be801e0135b699846bccc605
    notes: |
      .NET 10 LTS runtime on Ubuntu 26.04 LTS (Resolute) — non-chiseled. Full
      apt-based userspace with bash, coreutils, libc, ICU/tzdata. Earlier
      iterations tried the -chiseled and -chiseled-extra variants for a
      distroless property, but OTAPI/Terraria's globalization stack has
      assumptions about userspace that we cannot satisfy without forking
      OTAPI. Hardening is restored at the K8s podSpec level (see OPS.md):
      runAsNonRoot, readOnlyRootFilesystem with /tmp tmpfs, drop ALL caps,
      seccompProfile=RuntimeDefault, NetworkPolicy egress restriction.

      TShock 6.1.0 is a native net9.0 apphost; we coerce onto the .NET 10
      framework via DOTNET_ROLL_FORWARD=LatestMajor.
      DOTNET_BUNDLE_EXTRACT_BASE_DIR=/tmp redirects TShock's single-file
      apphost extract dir from / (which is read-only when the chart sets
      readOnlyRootFilesystem=true; /tmp is a tmpfs emptyDir mounted by the
      chart for this purpose).

tshock:
  version: 6.1.0
  terraria_version: 1.4.5.6
  channel: stable
  notes: |
    First .NET 9-native TShock for Terraria 1.4.5.6, released 2026-03-11. Bumps
    out of TShock 5.x (which targeted .NET 6 EOL + had vulnerable transitive
    deps Trivy flagged). 6.x changes the plugin ABI — see plugins section
    below for the sourcing change.
  asset: TShock-6.1.0-for-Terraria-1.4.5.6-linux-x64-Release.zip
  source: https://github.com/Pryaxis/TShock/releases/download/v6.1.0/TShock-6.1.0-for-Terraria-1.4.5.6-linux-x64-Release.zip
  sha256: c4a63624e49422e46967c4cb6a72b698acb96dcc645e5b1daaa0f00e2cb98db9
  size: 34002037

tini:
  version: v0.19.0
  notes: |
    Static glibc-linked PID 1 for clean SIGTERM → graceful TShock shutdown
    (saves world before exit). Single static binary, no runtime deps; copied
    into the chiseled image at /usr/local/bin/tini.
  source: https://github.com/krallin/tini/releases/download/v0.19.0/tini-static-amd64
  sha256: c5b0666b4cb676901f90dfcb37106783c5fe2077b04590973b885950611b30ee
  size: 870496

plugins:
  source:
    repo: UnrealMultiple/TShockPlugin
    url: https://github.com/UnrealMultiple/TShockPlugin
    commit: 221ff312bc357512af35fdafd5afdf130cf46951
    license: GPL-3.0
  baked:
    - name: History
      csproj: src/History/History.csproj
      sha256: TBD-FIRST-BUILD
      notes: Undo/redo and tile change history (TShock v6-compatible build).
    - name: HouseRegion
      csproj: src/HouseRegion/HouseRegion.csproj
      sha256: TBD-FIRST-BUILD
      notes: Player-claimed house regions; depends on LazyAPI.
    - name: RegionView
      csproj: src/RegionView/RegionView.csproj
      sha256: TBD-FIRST-BUILD
      notes: In-world visualization of region boundaries.
    - name: LazyAPI
      csproj: src/LazyAPI/LazyAPI.csproj
      sha256: TBD-FIRST-BUILD
      notes: HouseRegion's project-ref dependency; ships alongside.
    - name: linq2db
      sha256: TBD-FIRST-BUILD
      notes: LazyAPI runtime dep, copied locally per CopyLocalLockFileAssemblies=true.
  skipped:
    - name: AntiSpam
      reason: |
        No v6-compatible equivalent in UnrealMultiple/TShockPlugin's collection
        of 134 plugins, and no other public source surfaces a v6 build. The 5.x
        AntiSpam from RenderBr/tShock-v5-plugins is ABI-locked to TShock 5.x.
        Operators who need chat anti-spam can mount a custom plugin via the
        chart's plugin volume; the image's baked set deliberately omits it.
  notes: |
    Plugin DLLs are built in-Dockerfile by the `plugins` stage (mcr.microsoft.com
    /dotnet/sdk:9.0). Approach: per-plugin `dotnet build` on the .csproj — same
    invocation upstream CI uses (.github/workflows/build.yml pins dotnet-version
    to 9.x and runs scripts/publish-plugins-zip.ps1 which delegates to
    `dotnet build Plugin.slnx`). We build the three target csprojs individually
    rather than the full solution to avoid pulling the 134-plugin universe.

    Prior architect's note that .NET 10 SDK was required for the SourceGen
    analyzer (Microsoft.CodeAnalysis.CSharp 5.3.0) turned out to be wrong:
    upstream CI ships green on .NET 9 SDK alone, and our three targets do
    not reference any SourceGen-emitted types. HouseRegion transitively pulls
    LazyAPI (which IS a SourceGen consumer), and upstream proves that builds
    fine under net9.0 SDK.

    SHA256s are filled in by CI on first green build (sha256sum captured by
    the plugins stage at /plugins/SHA256SUMS, surfaced in build logs); update
    this file on first green run.

runtime_layout:
  /opt/tshock/TShock.Server: entrypoint (ELF apphost, net9.0 → rolled forward to .NET 10)
  /opt/tshock/ServerPlugins/: TShockAPI.dll (upstream) + History.dll, HouseRegion.dll, RegionView.dll, LazyAPI.dll, linq2db.dll (baked); chart's plugin volume can overlay additional plugins
  /opt/tshock/bin/: TShock + Terraria managed assemblies (read-only)
  /opt/tshock/i18n/: TShock translations (read-only)
  /opt/tshock/GeoIP.dat: GeoIP database shipped with TShock (read-only)
  /serverdata/serverfiles/worlds/: chart-mounted PVC (writable, uid 1000 via fsGroup)
  /serverdata/serverfiles/tshock/: chart-mounted PVC (writable; holds config.json + sqlite)
  /serverdata/serverfiles/logs/: chart-mounted PVC (writable)
  /usr/local/bin/tini: PID 1 reaper (static binary)
